{
  "nodes": {
    "flake-utils": {
      "locked": {
        "lastModified": 1642700792,
        "narHash": "sha256-XqHrk7hFb+zBvRg6Ghl+AZDq03ov6OshJLiSWOoX5es=",
        "owner": "numtide",
        "repo": "flake-utils",
        "rev": "846b2ae0fc4cc943637d3d1def4454213e203cba",
        "type": "github"
      },
      "original": {
        "owner": "numtide",
        "repo": "flake-utils",
        "type": "github"
      }
    },
    "nixos-common-styles": {
      "inputs": {
        "flake-utils": "flake-utils",
        "nixpkgs": [
          "nixpkgs"
        ]
      },
      "locked": {
        "lastModified": 1650836545,
        "narHash": "sha256-jpmrC8YK6e9YHJFIiGLmgHib8/VdRqTCmr0p8f4nxmU=",
        "owner": "NixOS",
        "repo": "nixos-common-styles",
        "rev": "0baa6cde270c6aca896ae520ab2c5a498516b967",
        "type": "github"
      },
      "original": {
        "owner": "NixOS",
        "repo": "nixos-common-styles",
        "type": "github"
      }
    },
    "nixpkgs": {
      "locked": {
        "lastModified": 1658119717,
        "narHash": "sha256-4upOZIQQ7Bc4CprqnHsKnqYfw+arJeAuU+QcpjYBXW0=",
        "owner": "nixos",
        "repo": "nixpkgs",
        "rev": "9eb60f25aff0d2218c848dd4574a0ab5e296cabe",
        "type": "github"
      },
      "original": {
        "owner": "nixos",
        "ref": "nixpkgs-unstable",
        "repo": "nixpkgs",
        "type": "github"
      }
    },
    "root": {
      "inputs": {
        "nixos-common-styles": "nixos-common-styles",
        "nixpkgs": "nixpkgs"
      }
    }
  },
  "root": "root",
  "version": 7
}
